# @generated - this file is auto-generated by `mise lock` https://mise.en.dev/dev-tools/mise-lock.html

[[tools.mdbook]]
version = "0.5.2"
backend = "aqua:rust-lang/mdBook"

[tools.mdbook."platforms.linux-x64"]
checksum = "sha256:8e9d802bbecea34380aabfc65bec4fdba23c07453ef2c7e06fa34c282082e2c4"
url = "https://github.com/rust-lang/mdBook/releases/download/v0.5.2/mdbook-v0.5.2-x86_64-unknown-linux-musl.tar.gz"

[tools.mdbook."platforms.linux-x64-musl"]
checksum = "sha256:8e9d802bbecea34380aabfc65bec4fdba23c07453ef2c7e06fa34c282082e2c4"
url = "https://github.com/rust-lang/mdBook/releases/download/v0.5.2/mdbook-v0.5.2-x86_64-unknown-linux-musl.tar.gz"

[tools.mdbook."platforms.macos-arm64"]
checksum = "sha256:17cc64478ec279a73881420e850bd8f9d460552e56b50159ff465bc97eb90d6c"
url = "https://github.com/rust-lang/mdBook/releases/download/v0.5.2/mdbook-v0.5.2-x86_64-apple-darwin.tar.gz"

[tools.mdbook."platforms.macos-x64"]
checksum = "sha256:17cc64478ec279a73881420e850bd8f9d460552e56b50159ff465bc97eb90d6c"
url = "https://github.com/rust-lang/mdBook/releases/download/v0.5.2/mdbook-v0.5.2-x86_64-apple-darwin.tar.gz"

[tools.mdbook."platforms.windows-x64"]
checksum = "sha256:e78fa1159bfc381d03f9c6659c48c883706497dc63c9153007a8a4c8df8da166"
url = "https://github.com/rust-lang/mdBook/releases/download/v0.5.2/mdbook-v0.5.2-x86_64-pc-windows-msvc.zip"
