# @generated - this file is auto-generated by `mise lock` https://mise.en.dev/dev-tools/mise-lock.html

[[tools.babashka]]
version = "1.13.223"
backend = "github:babashka/babashka"

[tools.babashka."platforms.linux-x64"]
checksum = "sha256:747b4c8161116c5758c39c4d585dc13c42c71fb7203126674d9ca2e25e6340fd"
url = "https://github.com/babashka/babashka/releases/download/v1.13.223/babashka-1.13.223-linux-amd64.tar.gz"
url_api = "https://api.github.com/repos/babashka/babashka/releases/assets/566524024"

[tools.babashka."platforms.linux-x64-musl"]
checksum = "sha256:747b4c8161116c5758c39c4d585dc13c42c71fb7203126674d9ca2e25e6340fd"
url = "https://github.com/babashka/babashka/releases/download/v1.13.223/babashka-1.13.223-linux-amd64.tar.gz"
url_api = "https://api.github.com/repos/babashka/babashka/releases/assets/566524024"

[tools.babashka."platforms.macos-arm64"]
checksum = "sha256:2bcde56ea09cd8f8b2683ca11feec975e42cd60e7aa4cac0305b1cce9ca3ba8f"
url = "https://github.com/babashka/babashka/releases/download/v1.13.223/babashka-1.13.223-macos-aarch64.tar.gz"
url_api = "https://api.github.com/repos/babashka/babashka/releases/assets/566528986"

[tools.babashka."platforms.macos-x64"]
checksum = "sha256:afd005493b69091fb2b871a3a33c4f5995f3d743ce0e8e64be78adc16e203484"
url = "https://github.com/babashka/babashka/releases/download/v1.13.223/babashka-1.13.223-macos-amd64.tar.gz"
url_api = "https://api.github.com/repos/babashka/babashka/releases/assets/566533303"

[tools.babashka."platforms.windows-x64"]
checksum = "sha256:68156a1eec0fe329ce19cba38d08494c5803cb9d9d63cca556beb28aacaf9b77"
url = "https://github.com/babashka/babashka/releases/download/v1.13.223/babashka-1.13.223-windows-amd64.zip"
url_api = "https://api.github.com/repos/babashka/babashka/releases/assets/566521377"

[[tools.mdbook]]
version = "0.5.2"
backend = "aqua:rust-lang/mdBook"

[tools.mdbook."platforms.linux-x64"]
checksum = "sha256:084e4342ba564db270108763e404a7d1f309d932651a22484e93c0dc1a071f6d"
url = "https://github.com/rust-lang/mdBook/releases/download/v0.5.2/mdbook-v0.5.2-x86_64-unknown-linux-gnu.tar.gz"
url_api = "https://api.github.com/repos/rust-lang/mdBook/releases/assets/327544800"

[tools.mdbook."platforms.linux-x64-musl"]
checksum = "sha256:8e9d802bbecea34380aabfc65bec4fdba23c07453ef2c7e06fa34c282082e2c4"
url = "https://github.com/rust-lang/mdBook/releases/download/v0.5.2/mdbook-v0.5.2-x86_64-unknown-linux-musl.tar.gz"
url_api = "https://api.github.com/repos/rust-lang/mdBook/releases/assets/327545066"

[tools.mdbook."platforms.macos-arm64"]
checksum = "sha256:17cc64478ec279a73881420e850bd8f9d460552e56b50159ff465bc97eb90d6c"
url = "https://github.com/rust-lang/mdBook/releases/download/v0.5.2/mdbook-v0.5.2-x86_64-apple-darwin.tar.gz"
url_api = "https://api.github.com/repos/rust-lang/mdBook/releases/assets/327545156"

[tools.mdbook."platforms.macos-x64"]
checksum = "sha256:17cc64478ec279a73881420e850bd8f9d460552e56b50159ff465bc97eb90d6c"
url = "https://github.com/rust-lang/mdBook/releases/download/v0.5.2/mdbook-v0.5.2-x86_64-apple-darwin.tar.gz"
url_api = "https://api.github.com/repos/rust-lang/mdBook/releases/assets/327545156"

[tools.mdbook."platforms.windows-x64"]
checksum = "sha256:e78fa1159bfc381d03f9c6659c48c883706497dc63c9153007a8a4c8df8da166"
url = "https://github.com/rust-lang/mdBook/releases/download/v0.5.2/mdbook-v0.5.2-x86_64-pc-windows-msvc.zip"
url_api = "https://api.github.com/repos/rust-lang/mdBook/releases/assets/327545231"
